
Microsoft Visual Studio Solution File, Format Version 12.00
# Visual Studio Version 17
VisualStudioVersion = 17.0.31903.59
MinimumVisualStudioVersion = 10.0.40219.1
Project("{9A19103F-16F7-4668-BE54-9A1E7A4F7556}") = "RazorProject", "RazorProject\RazorProject.csproj", "{E25017C3-884D-4802-A378-61E767DB36F2}"
EndProject
Project("{9A19103F-16F7-4668-BE54-9A1E7A4F7556}") = "Models", "Models\Models.csproj", "{BF42E265-F49E-49B4-8E2A-4634E98BDDBD}"
EndProject
Project("{9A19103F-16F7-4668-BE54-9A1E7A4F7556}") = "Web.Api", "Web.Api\Web.Api.csproj", "{65050AAF-5796-43D4-BFE9-73E736A2076B}"
EndProject
Project("{9A19103F-16F7-4668-BE54-9A1E7A4F7556}") = "BlazorProject", "BlazorProject\BlazorProject.csproj", "{54614F5B-59E1-4FF2-8508-953182F2BF00}"
	ProjectSection(ProjectDependencies) = postProject
		{65050AAF-5796-43D4-BFE9-73E736A2076B} = {65050AAF-5796-43D4-BFE9-73E736A2076B}
		{BF42E265-F49E-49B4-8E2A-4634E98BDDBD} = {BF42E265-F49E-49B4-8E2A-4634E98BDDBD}
	EndProjectSection
EndProject
Project("{9A19103F-16F7-4668-BE54-9A1E7A4F7556}") = "ConsoleApp", "ConsoleApp\ConsoleApp.csproj", "{5BE80E1A-81D7-4486-8D23-F893135767D7}"
EndProject
Project("{FAE04EC0-301F-11D3-BF4B-00C04F79EFBC}") = "MSTest", "MSTest\MSTest.csproj", "{C9B74BA6-F999-4704-86F5-19CA8735BE03}"
EndProject
Global
	GlobalSection(SolutionConfigurationPlatforms) = preSolution
		Debug|Any CPU = Debug|Any CPU
		Release|Any CPU = Release|Any CPU
	EndGlobalSection
	GlobalSection(ProjectConfigurationPlatforms) = postSolution
		{E25017C3-884D-4802-A378-61E767DB36F2}.Debug|Any CPU.ActiveCfg = Debug|Any CPU
		{E25017C3-884D-4802-A378-61E767DB36F2}.Debug|Any CPU.Build.0 = Debug|Any CPU
		{E25017C3-884D-4802-A378-61E767DB36F2}.Release|Any CPU.ActiveCfg = Release|Any CPU
		{E25017C3-884D-4802-A378-61E767DB36F2}.Release|Any CPU.Build.0 = Release|Any CPU
		{BF42E265-F49E-49B4-8E2A-4634E98BDDBD}.Debug|Any CPU.ActiveCfg = Debug|Any CPU
		{BF42E265-F49E-49B4-8E2A-4634E98BDDBD}.Debug|Any CPU.Build.0 = Debug|Any CPU
		{BF42E265-F49E-49B4-8E2A-4634E98BDDBD}.Release|Any CPU.ActiveCfg = Release|Any CPU
		{BF42E265-F49E-49B4-8E2A-4634E98BDDBD}.Release|Any CPU.Build.0 = Release|Any CPU
		{65050AAF-5796-43D4-BFE9-73E736A2076B}.Debug|Any CPU.ActiveCfg = Debug|Any CPU
		{65050AAF-5796-43D4-BFE9-73E736A2076B}.Debug|Any CPU.Build.0 = Debug|Any CPU
		{65050AAF-5796-43D4-BFE9-73E736A2076B}.Release|Any CPU.ActiveCfg = Release|Any CPU
		{65050AAF-5796-43D4-BFE9-73E736A2076B}.Release|Any CPU.Build.0 = Release|Any CPU
		{54614F5B-59E1-4FF2-8508-953182F2BF00}.Debug|Any CPU.ActiveCfg = Debug|Any CPU
		{54614F5B-59E1-4FF2-8508-953182F2BF00}.Debug|Any CPU.Build.0 = Debug|Any CPU
		{54614F5B-59E1-4FF2-8508-953182F2BF00}.Release|Any CPU.ActiveCfg = Release|Any CPU
		{54614F5B-59E1-4FF2-8508-953182F2BF00}.Release|Any CPU.Build.0 = Release|Any CPU
		{5BE80E1A-81D7-4486-8D23-F893135767D7}.Debug|Any CPU.ActiveCfg = Debug|Any CPU
		{5BE80E1A-81D7-4486-8D23-F893135767D7}.Debug|Any CPU.Build.0 = Debug|Any CPU
		{5BE80E1A-81D7-4486-8D23-F893135767D7}.Release|Any CPU.ActiveCfg = Release|Any CPU
		{5BE80E1A-81D7-4486-8D23-F893135767D7}.Release|Any CPU.Build.0 = Release|Any CPU
		{C9B74BA6-F999-4704-86F5-19CA8735BE03}.Debug|Any CPU.ActiveCfg = Debug|Any CPU
		{C9B74BA6-F999-4704-86F5-19CA8735BE03}.Debug|Any CPU.Build.0 = Debug|Any CPU
		{C9B74BA6-F999-4704-86F5-19CA8735BE03}.Release|Any CPU.ActiveCfg = Release|Any CPU
		{C9B74BA6-F999-4704-86F5-19CA8735BE03}.Release|Any CPU.Build.0 = Release|Any CPU
	EndGlobalSection
	GlobalSection(SolutionProperties) = preSolution
		HideSolutionNode = FALSE
	EndGlobalSection
	GlobalSection(ExtensibilityGlobals) = postSolution
		SolutionGuid = {0E2F4EFF-E378-4204-933D-DE587DDEE0A4}
	EndGlobalSection
EndGlobal
